PODS:
  - FBSnapshotTestCase (2.1.4):
    - FBSnapshotTestCase/SwiftSupport (= 2.1.4)
  - FBSnapshotTestCase/Core (2.1.4)
  - FBSnapshotTestCase/SwiftSupport (2.1.4):
    - FBSnapshotTestCase/Core
  - podHelloWorld (0.1.0)

DEPENDENCIES:
  - FBSnapshotTestCase
  - podHelloWorld (from `../`)

SPEC REPOS:
  https://github.com/cocoapods/specs.git:
    - FBSnapshotTestCase

EXTERNAL SOURCES:
  podHelloWorld:
    :path: "../"

SPEC CHECKSUMS:
  FBSnapshotTestCase: 094f9f314decbabe373b87cc339bea235a63e07a
  podHelloWorld: e160b0e098a6c435a811a2092de60bad54b1c695

PODFILE CHECKSUM: 1d4366e9cf4289e7a61df210a23073418b1855cc

COCOAPODS: 1.7.5
